{
  "name": "openscad-catchnhole",
  "version": "3.0.0",
  "lockfileVersion": 2,
  "requires": true,
  "packages": {
    "": {
      "name": "openscad-catchnhole",
      "version": "0.0.0",
      "license": "MIT",
      "dependencies": {
        "yaml": "^2.0.1"
      }
    },
    "node_modules/yaml": {
      "version": "2.0.1",
      "resolved": "https://registry.npmjs.org/yaml/-/yaml-2.0.1.tgz",
      "integrity": "sha512-1NpAYQ3wjzIlMs0mgdBmYzLkFgWBIWrzYVDYfrixhoFNNgJ444/jT2kUT2sicRbJES3oQYRZugjB6Ro8SjKeFg==",
      "engines": {
        "node": ">= 14"
      }
    }
  },
  "dependencies": {
    "yaml": {
      "version": "2.0.1",
      "resolved": "https://registry.npmjs.org/yaml/-/yaml-2.0.1.tgz",
      "integrity": "sha512-1NpAYQ3wjzIlMs0mgdBmYzLkFgWBIWrzYVDYfrixhoFNNgJ444/jT2kUT2sicRbJES3oQYRZugjB6Ro8SjKeFg=="
    }
  }
}
